
Microsoft Visual Studio Solution File, Format Version 12.00
# Visual Studio Version 17
VisualStudioVersion = 17.3.32901.215
MinimumVisualStudioVersion = 10.0.40219.1
Project("{8BC9CEB8-8B4A-11D0-8D11-00A0C91BC942}") = "四则运算文件版", "四则运算文件版.vcxproj", "{D7F634FC-25B8-4820-9872-367DE5B92239}"
EndProject
Global
	GlobalSection(SolutionConfigurationPlatforms) = preSolution
		Debug|x64 = Debug|x64
		Debug|x86 = Debug|x86
		Release|x64 = Release|x64
		Release|x86 = Release|x86
	EndGlobalSection
	GlobalSection(ProjectConfigurationPlatforms) = postSolution
		{D7F634FC-25B8-4820-9872-367DE5B92239}.Debug|x64.ActiveCfg = Debug|x64
		{D7F634FC-25B8-4820-9872-367DE5B92239}.Debug|x64.Build.0 = Debug|x64
		{D7F634FC-25B8-4820-9872-367DE5B92239}.Debug|x86.ActiveCfg = Debug|Win32
		{D7F634FC-25B8-4820-9872-367DE5B92239}.Debug|x86.Build.0 = Debug|Win32
		{D7F634FC-25B8-4820-9872-367DE5B92239}.Release|x64.ActiveCfg = Release|x64
		{D7F634FC-25B8-4820-9872-367DE5B92239}.Release|x64.Build.0 = Release|x64
		{D7F634FC-25B8-4820-9872-367DE5B92239}.Release|x86.ActiveCfg = Release|Win32
		{D7F634FC-25B8-4820-9872-367DE5B92239}.Release|x86.Build.0 = Release|Win32
	EndGlobalSection
	GlobalSection(SolutionProperties) = preSolution
		HideSolutionNode = FALSE
	EndGlobalSection
	GlobalSection(ExtensibilityGlobals) = postSolution
		SolutionGuid = {9A2BC5B7-A54A-4A2A-851A-F40E211F176E}
	EndGlobalSection
EndGlobal
