
Microsoft Visual Studio Solution File, Format Version 12.00
# Visual Studio Version 16
VisualStudioVersion = 16.0.33214.272
MinimumVisualStudioVersion = 10.0.40219.1
Project("{8BC9CEB8-8B4A-11D0-8D11-00A0C91BC942}") = "单调队列，滑动窗口", "单调队列，滑动窗口\单调队列，滑动窗口.vcxproj", "{C087BE80-B077-4C14-B075-6E60AC97CBBB}"
EndProject
Global
	GlobalSection(SolutionConfigurationPlatforms) = preSolution
		Debug|x64 = Debug|x64
		Debug|x86 = Debug|x86
		Release|x64 = Release|x64
		Release|x86 = Release|x86
	EndGlobalSection
	GlobalSection(ProjectConfigurationPlatforms) = postSolution
		{C087BE80-B077-4C14-B075-6E60AC97CBBB}.Debug|x64.ActiveCfg = Debug|x64
		{C087BE80-B077-4C14-B075-6E60AC97CBBB}.Debug|x64.Build.0 = Debug|x64
		{C087BE80-B077-4C14-B075-6E60AC97CBBB}.Debug|x86.ActiveCfg = Debug|Win32
		{C087BE80-B077-4C14-B075-6E60AC97CBBB}.Debug|x86.Build.0 = Debug|Win32
		{C087BE80-B077-4C14-B075-6E60AC97CBBB}.Release|x64.ActiveCfg = Release|x64
		{C087BE80-B077-4C14-B075-6E60AC97CBBB}.Release|x64.Build.0 = Release|x64
		{C087BE80-B077-4C14-B075-6E60AC97CBBB}.Release|x86.ActiveCfg = Release|Win32
		{C087BE80-B077-4C14-B075-6E60AC97CBBB}.Release|x86.Build.0 = Release|Win32
	EndGlobalSection
	GlobalSection(SolutionProperties) = preSolution
		HideSolutionNode = FALSE
	EndGlobalSection
	GlobalSection(ExtensibilityGlobals) = postSolution
		SolutionGuid = {0D1FDDBB-2FDE-4C3E-8C12-CDE81A9DEC20}
	EndGlobalSection
EndGlobal
