
Microsoft Visual Studio Solution File, Format Version 12.00
# Visual Studio Version 16
VisualStudioVersion = 16.0.33214.272
MinimumVisualStudioVersion = 10.0.40219.1
Project("{8BC9CEB8-8B4A-11D0-8D11-00A0C91BC942}") = "堆排", "堆排\堆排.vcxproj", "{37EDCAF5-791E-4B14-9375-32F2D850C943}"
EndProject
Project("{8BC9CEB8-8B4A-11D0-8D11-00A0C91BC942}") = "桶排序", "..\桶排序\桶排序.vcxproj", "{2456AA89-6780-4BE6-8E9C-4C5DD8E37303}"
EndProject
Global
	GlobalSection(SolutionConfigurationPlatforms) = preSolution
		Debug|x64 = Debug|x64
		Debug|x86 = Debug|x86
		Release|x64 = Release|x64
		Release|x86 = Release|x86
	EndGlobalSection
	GlobalSection(ProjectConfigurationPlatforms) = postSolution
		{37EDCAF5-791E-4B14-9375-32F2D850C943}.Debug|x64.ActiveCfg = Debug|x64
		{37EDCAF5-791E-4B14-9375-32F2D850C943}.Debug|x64.Build.0 = Debug|x64
		{37EDCAF5-791E-4B14-9375-32F2D850C943}.Debug|x86.ActiveCfg = Debug|Win32
		{37EDCAF5-791E-4B14-9375-32F2D850C943}.Debug|x86.Build.0 = Debug|Win32
		{37EDCAF5-791E-4B14-9375-32F2D850C943}.Release|x64.ActiveCfg = Release|x64
		{37EDCAF5-791E-4B14-9375-32F2D850C943}.Release|x64.Build.0 = Release|x64
		{37EDCAF5-791E-4B14-9375-32F2D850C943}.Release|x86.ActiveCfg = Release|Win32
		{37EDCAF5-791E-4B14-9375-32F2D850C943}.Release|x86.Build.0 = Release|Win32
		{2456AA89-6780-4BE6-8E9C-4C5DD8E37303}.Debug|x64.ActiveCfg = Debug|x64
		{2456AA89-6780-4BE6-8E9C-4C5DD8E37303}.Debug|x64.Build.0 = Debug|x64
		{2456AA89-6780-4BE6-8E9C-4C5DD8E37303}.Debug|x86.ActiveCfg = Debug|Win32
		{2456AA89-6780-4BE6-8E9C-4C5DD8E37303}.Debug|x86.Build.0 = Debug|Win32
		{2456AA89-6780-4BE6-8E9C-4C5DD8E37303}.Release|x64.ActiveCfg = Release|x64
		{2456AA89-6780-4BE6-8E9C-4C5DD8E37303}.Release|x64.Build.0 = Release|x64
		{2456AA89-6780-4BE6-8E9C-4C5DD8E37303}.Release|x86.ActiveCfg = Release|Win32
		{2456AA89-6780-4BE6-8E9C-4C5DD8E37303}.Release|x86.Build.0 = Release|Win32
	EndGlobalSection
	GlobalSection(SolutionProperties) = preSolution
		HideSolutionNode = FALSE
	EndGlobalSection
	GlobalSection(ExtensibilityGlobals) = postSolution
		SolutionGuid = {15DF8F7A-A27E-4901-9C50-3616D69466C0}
	EndGlobalSection
EndGlobal
