
Microsoft Visual Studio Solution File, Format Version 12.00
# Visual Studio Version 16
VisualStudioVersion = 16.0.33214.272
MinimumVisualStudioVersion = 10.0.40219.1
Project("{8BC9CEB8-8B4A-11D0-8D11-00A0C91BC942}") = "1217", "1217\1217.vcxproj", "{BBAE7509-8219-43E0-B462-9308E08BC3E9}"
EndProject
Project("{8BC9CEB8-8B4A-11D0-8D11-00A0C91BC942}") = "1215", "..\..\vs.c语言\1215\1215.vcxproj", "{6FECD1AD-3E21-4476-A76C-080F5831BACC}"
EndProject
Project("{8BC9CEB8-8B4A-11D0-8D11-00A0C91BC942}") = "1140", "..\..\vs.c语言\1140\1140.vcxproj", "{1FF15D8C-0241-4BA3-9023-EBDA42076DB4}"
EndProject
Project("{8BC9CEB8-8B4A-11D0-8D11-00A0C91BC942}") = "1141", "..\..\vs.c语言\1141\1141.vcxproj", "{9ADC0B0C-85D7-4B9C-B706-CA7266FF09A2}"
EndProject
Project("{8BC9CEB8-8B4A-11D0-8D11-00A0C91BC942}") = "1325", "..\..\vs.c语言\1325\1325.vcxproj", "{E73DD120-C0E9-4FDA-A5A5-4557AC3EADCC}"
EndProject
Project("{8BC9CEB8-8B4A-11D0-8D11-00A0C91BC942}") = "1116", "..\..\vs.c语言\1116\1116.vcxproj", "{B3EFA23F-1F32-4AC3-98D5-F16E9FDEA56A}"
EndProject
Project("{8BC9CEB8-8B4A-11D0-8D11-00A0C91BC942}") = "1251", "..\..\vs.c语言\1251\1251.vcxproj", "{40B06460-F21F-41A1-B58A-50FB47F00902}"
EndProject
Project("{8BC9CEB8-8B4A-11D0-8D11-00A0C91BC942}") = "1271", "..\..\vs.c语言\1271\1271.vcxproj", "{C58F5077-9649-4FE9-91B7-EC6C8F9F3F22}"
EndProject
Project("{8BC9CEB8-8B4A-11D0-8D11-00A0C91BC942}") = "1326", "..\..\vs.c语言\1326\1326.vcxproj", "{91858FF2-F920-4A01-A94C-4C00C07C0F28}"
EndProject
Project("{8BC9CEB8-8B4A-11D0-8D11-00A0C91BC942}") = "1327", "..\..\vs.c语言\1327\1327.vcxproj", "{774B641C-615B-46BD-801B-C2CE5E00DA99}"
EndProject
Global
	GlobalSection(SolutionConfigurationPlatforms) = preSolution
		Debug|x64 = Debug|x64
		Debug|x86 = Debug|x86
		Release|x64 = Release|x64
		Release|x86 = Release|x86
	EndGlobalSection
	GlobalSection(ProjectConfigurationPlatforms) = postSolution
		{BBAE7509-8219-43E0-B462-9308E08BC3E9}.Debug|x64.ActiveCfg = Debug|x64
		{BBAE7509-8219-43E0-B462-9308E08BC3E9}.Debug|x64.Build.0 = Debug|x64
		{BBAE7509-8219-43E0-B462-9308E08BC3E9}.Debug|x86.ActiveCfg = Debug|Win32
		{BBAE7509-8219-43E0-B462-9308E08BC3E9}.Debug|x86.Build.0 = Debug|Win32
		{BBAE7509-8219-43E0-B462-9308E08BC3E9}.Release|x64.ActiveCfg = Release|x64
		{BBAE7509-8219-43E0-B462-9308E08BC3E9}.Release|x64.Build.0 = Release|x64
		{BBAE7509-8219-43E0-B462-9308E08BC3E9}.Release|x86.ActiveCfg = Release|Win32
		{BBAE7509-8219-43E0-B462-9308E08BC3E9}.Release|x86.Build.0 = Release|Win32
		{6FECD1AD-3E21-4476-A76C-080F5831BACC}.Debug|x64.ActiveCfg = Debug|x64
		{6FECD1AD-3E21-4476-A76C-080F5831BACC}.Debug|x64.Build.0 = Debug|x64
		{6FECD1AD-3E21-4476-A76C-080F5831BACC}.Debug|x86.ActiveCfg = Debug|Win32
		{6FECD1AD-3E21-4476-A76C-080F5831BACC}.Debug|x86.Build.0 = Debug|Win32
		{6FECD1AD-3E21-4476-A76C-080F5831BACC}.Release|x64.ActiveCfg = Release|x64
		{6FECD1AD-3E21-4476-A76C-080F5831BACC}.Release|x64.Build.0 = Release|x64
		{6FECD1AD-3E21-4476-A76C-080F5831BACC}.Release|x86.ActiveCfg = Release|Win32
		{6FECD1AD-3E21-4476-A76C-080F5831BACC}.Release|x86.Build.0 = Release|Win32
		{1FF15D8C-0241-4BA3-9023-EBDA42076DB4}.Debug|x64.ActiveCfg = Debug|x64
		{1FF15D8C-0241-4BA3-9023-EBDA42076DB4}.Debug|x64.Build.0 = Debug|x64
		{1FF15D8C-0241-4BA3-9023-EBDA42076DB4}.Debug|x86.ActiveCfg = Debug|Win32
		{1FF15D8C-0241-4BA3-9023-EBDA42076DB4}.Debug|x86.Build.0 = Debug|Win32
		{1FF15D8C-0241-4BA3-9023-EBDA42076DB4}.Release|x64.ActiveCfg = Release|x64
		{1FF15D8C-0241-4BA3-9023-EBDA42076DB4}.Release|x64.Build.0 = Release|x64
		{1FF15D8C-0241-4BA3-9023-EBDA42076DB4}.Release|x86.ActiveCfg = Release|Win32
		{1FF15D8C-0241-4BA3-9023-EBDA42076DB4}.Release|x86.Build.0 = Release|Win32
		{9ADC0B0C-85D7-4B9C-B706-CA7266FF09A2}.Debug|x64.ActiveCfg = Debug|x64
		{9ADC0B0C-85D7-4B9C-B706-CA7266FF09A2}.Debug|x64.Build.0 = Debug|x64
		{9ADC0B0C-85D7-4B9C-B706-CA7266FF09A2}.Debug|x86.ActiveCfg = Debug|Win32
		{9ADC0B0C-85D7-4B9C-B706-CA7266FF09A2}.Debug|x86.Build.0 = Debug|Win32
		{9ADC0B0C-85D7-4B9C-B706-CA7266FF09A2}.Release|x64.ActiveCfg = Release|x64
		{9ADC0B0C-85D7-4B9C-B706-CA7266FF09A2}.Release|x64.Build.0 = Release|x64
		{9ADC0B0C-85D7-4B9C-B706-CA7266FF09A2}.Release|x86.ActiveCfg = Release|Win32
		{9ADC0B0C-85D7-4B9C-B706-CA7266FF09A2}.Release|x86.Build.0 = Release|Win32
		{E73DD120-C0E9-4FDA-A5A5-4557AC3EADCC}.Debug|x64.ActiveCfg = Debug|x64
		{E73DD120-C0E9-4FDA-A5A5-4557AC3EADCC}.Debug|x64.Build.0 = Debug|x64
		{E73DD120-C0E9-4FDA-A5A5-4557AC3EADCC}.Debug|x86.ActiveCfg = Debug|Win32
		{E73DD120-C0E9-4FDA-A5A5-4557AC3EADCC}.Debug|x86.Build.0 = Debug|Win32
		{E73DD120-C0E9-4FDA-A5A5-4557AC3EADCC}.Release|x64.ActiveCfg = Release|x64
		{E73DD120-C0E9-4FDA-A5A5-4557AC3EADCC}.Release|x64.Build.0 = Release|x64
		{E73DD120-C0E9-4FDA-A5A5-4557AC3EADCC}.Release|x86.ActiveCfg = Release|Win32
		{E73DD120-C0E9-4FDA-A5A5-4557AC3EADCC}.Release|x86.Build.0 = Release|Win32
		{B3EFA23F-1F32-4AC3-98D5-F16E9FDEA56A}.Debug|x64.ActiveCfg = Debug|x64
		{B3EFA23F-1F32-4AC3-98D5-F16E9FDEA56A}.Debug|x64.Build.0 = Debug|x64
		{B3EFA23F-1F32-4AC3-98D5-F16E9FDEA56A}.Debug|x86.ActiveCfg = Debug|Win32
		{B3EFA23F-1F32-4AC3-98D5-F16E9FDEA56A}.Debug|x86.Build.0 = Debug|Win32
		{B3EFA23F-1F32-4AC3-98D5-F16E9FDEA56A}.Release|x64.ActiveCfg = Release|x64
		{B3EFA23F-1F32-4AC3-98D5-F16E9FDEA56A}.Release|x64.Build.0 = Release|x64
		{B3EFA23F-1F32-4AC3-98D5-F16E9FDEA56A}.Release|x86.ActiveCfg = Release|Win32
		{B3EFA23F-1F32-4AC3-98D5-F16E9FDEA56A}.Release|x86.Build.0 = Release|Win32
		{40B06460-F21F-41A1-B58A-50FB47F00902}.Debug|x64.ActiveCfg = Debug|x64
		{40B06460-F21F-41A1-B58A-50FB47F00902}.Debug|x64.Build.0 = Debug|x64
		{40B06460-F21F-41A1-B58A-50FB47F00902}.Debug|x86.ActiveCfg = Debug|Win32
		{40B06460-F21F-41A1-B58A-50FB47F00902}.Debug|x86.Build.0 = Debug|Win32
		{40B06460-F21F-41A1-B58A-50FB47F00902}.Release|x64.ActiveCfg = Release|x64
		{40B06460-F21F-41A1-B58A-50FB47F00902}.Release|x64.Build.0 = Release|x64
		{40B06460-F21F-41A1-B58A-50FB47F00902}.Release|x86.ActiveCfg = Release|Win32
		{40B06460-F21F-41A1-B58A-50FB47F00902}.Release|x86.Build.0 = Release|Win32
		{C58F5077-9649-4FE9-91B7-EC6C8F9F3F22}.Debug|x64.ActiveCfg = Debug|x64
		{C58F5077-9649-4FE9-91B7-EC6C8F9F3F22}.Debug|x64.Build.0 = Debug|x64
		{C58F5077-9649-4FE9-91B7-EC6C8F9F3F22}.Debug|x86.ActiveCfg = Debug|Win32
		{C58F5077-9649-4FE9-91B7-EC6C8F9F3F22}.Debug|x86.Build.0 = Debug|Win32
		{C58F5077-9649-4FE9-91B7-EC6C8F9F3F22}.Release|x64.ActiveCfg = Release|x64
		{C58F5077-9649-4FE9-91B7-EC6C8F9F3F22}.Release|x64.Build.0 = Release|x64
		{C58F5077-9649-4FE9-91B7-EC6C8F9F3F22}.Release|x86.ActiveCfg = Release|Win32
		{C58F5077-9649-4FE9-91B7-EC6C8F9F3F22}.Release|x86.Build.0 = Release|Win32
		{91858FF2-F920-4A01-A94C-4C00C07C0F28}.Debug|x64.ActiveCfg = Debug|x64
		{91858FF2-F920-4A01-A94C-4C00C07C0F28}.Debug|x64.Build.0 = Debug|x64
		{91858FF2-F920-4A01-A94C-4C00C07C0F28}.Debug|x86.ActiveCfg = Debug|Win32
		{91858FF2-F920-4A01-A94C-4C00C07C0F28}.Debug|x86.Build.0 = Debug|Win32
		{91858FF2-F920-4A01-A94C-4C00C07C0F28}.Release|x64.ActiveCfg = Release|x64
		{91858FF2-F920-4A01-A94C-4C00C07C0F28}.Release|x64.Build.0 = Release|x64
		{91858FF2-F920-4A01-A94C-4C00C07C0F28}.Release|x86.ActiveCfg = Release|Win32
		{91858FF2-F920-4A01-A94C-4C00C07C0F28}.Release|x86.Build.0 = Release|Win32
		{774B641C-615B-46BD-801B-C2CE5E00DA99}.Debug|x64.ActiveCfg = Debug|x64
		{774B641C-615B-46BD-801B-C2CE5E00DA99}.Debug|x64.Build.0 = Debug|x64
		{774B641C-615B-46BD-801B-C2CE5E00DA99}.Debug|x86.ActiveCfg = Debug|Win32
		{774B641C-615B-46BD-801B-C2CE5E00DA99}.Debug|x86.Build.0 = Debug|Win32
		{774B641C-615B-46BD-801B-C2CE5E00DA99}.Release|x64.ActiveCfg = Release|x64
		{774B641C-615B-46BD-801B-C2CE5E00DA99}.Release|x64.Build.0 = Release|x64
		{774B641C-615B-46BD-801B-C2CE5E00DA99}.Release|x86.ActiveCfg = Release|Win32
		{774B641C-615B-46BD-801B-C2CE5E00DA99}.Release|x86.Build.0 = Release|Win32
	EndGlobalSection
	GlobalSection(SolutionProperties) = preSolution
		HideSolutionNode = FALSE
	EndGlobalSection
	GlobalSection(ExtensibilityGlobals) = postSolution
		SolutionGuid = {AC28F985-0719-4591-A722-4EFEEBD234AD}
	EndGlobalSection
EndGlobal
