
Microsoft Visual Studio Solution File, Format Version 12.00
# Visual Studio Version 16
VisualStudioVersion = 16.0.33214.272
MinimumVisualStudioVersion = 10.0.40219.1
Project("{8BC9CEB8-8B4A-11D0-8D11-00A0C91BC942}") = "离散作业最短路", "离散作业最短路\离散作业最短路.vcxproj", "{F0363D86-F2F2-4F92-9DF5-AD68CBC37C9F}"
EndProject
Global
	GlobalSection(SolutionConfigurationPlatforms) = preSolution
		Debug|x64 = Debug|x64
		Debug|x86 = Debug|x86
		Release|x64 = Release|x64
		Release|x86 = Release|x86
	EndGlobalSection
	GlobalSection(ProjectConfigurationPlatforms) = postSolution
		{F0363D86-F2F2-4F92-9DF5-AD68CBC37C9F}.Debug|x64.ActiveCfg = Debug|x64
		{F0363D86-F2F2-4F92-9DF5-AD68CBC37C9F}.Debug|x64.Build.0 = Debug|x64
		{F0363D86-F2F2-4F92-9DF5-AD68CBC37C9F}.Debug|x86.ActiveCfg = Debug|Win32
		{F0363D86-F2F2-4F92-9DF5-AD68CBC37C9F}.Debug|x86.Build.0 = Debug|Win32
		{F0363D86-F2F2-4F92-9DF5-AD68CBC37C9F}.Release|x64.ActiveCfg = Release|x64
		{F0363D86-F2F2-4F92-9DF5-AD68CBC37C9F}.Release|x64.Build.0 = Release|x64
		{F0363D86-F2F2-4F92-9DF5-AD68CBC37C9F}.Release|x86.ActiveCfg = Release|Win32
		{F0363D86-F2F2-4F92-9DF5-AD68CBC37C9F}.Release|x86.Build.0 = Release|Win32
	EndGlobalSection
	GlobalSection(SolutionProperties) = preSolution
		HideSolutionNode = FALSE
	EndGlobalSection
	GlobalSection(ExtensibilityGlobals) = postSolution
		SolutionGuid = {001E756A-2C8F-4B73-91F2-05C9F4911598}
	EndGlobalSection
EndGlobal
