
Microsoft Visual Studio Solution File, Format Version 12.00
# Visual Studio Version 17
VisualStudioVersion = 17.3.32901.215
MinimumVisualStudioVersion = 10.0.40219.1
Project("{8BC9CEB8-8B4A-11D0-8D11-00A0C91BC942}") = "冒号排序（指针）", "冒号排序（指针）.vcxproj", "{F690C477-7448-42BF-B99A-4448239D65FD}"
EndProject
Global
	GlobalSection(SolutionConfigurationPlatforms) = preSolution
		Debug|x64 = Debug|x64
		Debug|x86 = Debug|x86
		Release|x64 = Release|x64
		Release|x86 = Release|x86
	EndGlobalSection
	GlobalSection(ProjectConfigurationPlatforms) = postSolution
		{F690C477-7448-42BF-B99A-4448239D65FD}.Debug|x64.ActiveCfg = Debug|x64
		{F690C477-7448-42BF-B99A-4448239D65FD}.Debug|x64.Build.0 = Debug|x64
		{F690C477-7448-42BF-B99A-4448239D65FD}.Debug|x86.ActiveCfg = Debug|Win32
		{F690C477-7448-42BF-B99A-4448239D65FD}.Debug|x86.Build.0 = Debug|Win32
		{F690C477-7448-42BF-B99A-4448239D65FD}.Release|x64.ActiveCfg = Release|x64
		{F690C477-7448-42BF-B99A-4448239D65FD}.Release|x64.Build.0 = Release|x64
		{F690C477-7448-42BF-B99A-4448239D65FD}.Release|x86.ActiveCfg = Release|Win32
		{F690C477-7448-42BF-B99A-4448239D65FD}.Release|x86.Build.0 = Release|Win32
	EndGlobalSection
	GlobalSection(SolutionProperties) = preSolution
		HideSolutionNode = FALSE
	EndGlobalSection
	GlobalSection(ExtensibilityGlobals) = postSolution
		SolutionGuid = {850AC2BE-68C8-40FB-A1C6-19CA6F93671C}
	EndGlobalSection
EndGlobal
