
Microsoft Visual Studio Solution File, Format Version 12.00
# Visual Studio Version 17
VisualStudioVersion = 17.7.34031.279
MinimumVisualStudioVersion = 10.0.40219.1
Project("{8BC9CEB8-8B4A-11D0-8D11-00A0C91BC942}") = "1090", "1090\1090.vcxproj", "{DEC7457A-BEA9-4356-81D6-F91A6440CA37}"
EndProject
Global
	GlobalSection(SolutionConfigurationPlatforms) = preSolution
		Debug|x64 = Debug|x64
		Debug|x86 = Debug|x86
		Release|x64 = Release|x64
		Release|x86 = Release|x86
	EndGlobalSection
	GlobalSection(ProjectConfigurationPlatforms) = postSolution
		{DEC7457A-BEA9-4356-81D6-F91A6440CA37}.Debug|x64.ActiveCfg = Debug|x64
		{DEC7457A-BEA9-4356-81D6-F91A6440CA37}.Debug|x64.Build.0 = Debug|x64
		{DEC7457A-BEA9-4356-81D6-F91A6440CA37}.Debug|x86.ActiveCfg = Debug|Win32
		{DEC7457A-BEA9-4356-81D6-F91A6440CA37}.Debug|x86.Build.0 = Debug|Win32
		{DEC7457A-BEA9-4356-81D6-F91A6440CA37}.Release|x64.ActiveCfg = Release|x64
		{DEC7457A-BEA9-4356-81D6-F91A6440CA37}.Release|x64.Build.0 = Release|x64
		{DEC7457A-BEA9-4356-81D6-F91A6440CA37}.Release|x86.ActiveCfg = Release|Win32
		{DEC7457A-BEA9-4356-81D6-F91A6440CA37}.Release|x86.Build.0 = Release|Win32
	EndGlobalSection
	GlobalSection(SolutionProperties) = preSolution
		HideSolutionNode = FALSE
	EndGlobalSection
	GlobalSection(ExtensibilityGlobals) = postSolution
		SolutionGuid = {3A56CAD1-78D0-4923-BFE2-D8E1A4EAE01F}
	EndGlobalSection
EndGlobal
