
Microsoft Visual Studio Solution File, Format Version 12.00
# Visual Studio Version 17
VisualStudioVersion = 17.3.32901.215
MinimumVisualStudioVersion = 10.0.40219.1
Project("{8BC9CEB8-8B4A-11D0-8D11-00A0C91BC942}") = "杨辉三角", "杨辉三角.vcxproj", "{AE49AC2D-74D3-4D6D-910B-DEB3C72BAEAC}"
EndProject
Global
	GlobalSection(SolutionConfigurationPlatforms) = preSolution
		Debug|x64 = Debug|x64
		Debug|x86 = Debug|x86
		Release|x64 = Release|x64
		Release|x86 = Release|x86
	EndGlobalSection
	GlobalSection(ProjectConfigurationPlatforms) = postSolution
		{AE49AC2D-74D3-4D6D-910B-DEB3C72BAEAC}.Debug|x64.ActiveCfg = Debug|x64
		{AE49AC2D-74D3-4D6D-910B-DEB3C72BAEAC}.Debug|x64.Build.0 = Debug|x64
		{AE49AC2D-74D3-4D6D-910B-DEB3C72BAEAC}.Debug|x86.ActiveCfg = Debug|Win32
		{AE49AC2D-74D3-4D6D-910B-DEB3C72BAEAC}.Debug|x86.Build.0 = Debug|Win32
		{AE49AC2D-74D3-4D6D-910B-DEB3C72BAEAC}.Release|x64.ActiveCfg = Release|x64
		{AE49AC2D-74D3-4D6D-910B-DEB3C72BAEAC}.Release|x64.Build.0 = Release|x64
		{AE49AC2D-74D3-4D6D-910B-DEB3C72BAEAC}.Release|x86.ActiveCfg = Release|Win32
		{AE49AC2D-74D3-4D6D-910B-DEB3C72BAEAC}.Release|x86.Build.0 = Release|Win32
	EndGlobalSection
	GlobalSection(SolutionProperties) = preSolution
		HideSolutionNode = FALSE
	EndGlobalSection
	GlobalSection(ExtensibilityGlobals) = postSolution
		SolutionGuid = {F5FDC6D9-1207-41F0-8401-3AABB17BDEEF}
	EndGlobalSection
EndGlobal
