
Microsoft Visual Studio Solution File, Format Version 12.00
# Visual Studio Version 17
VisualStudioVersion = 17.3.32901.215
MinimumVisualStudioVersion = 10.0.40219.1
Project("{8BC9CEB8-8B4A-11D0-8D11-00A0C91BC942}") = "猜名次", "猜名次.vcxproj", "{2F65DE9F-2B91-4B7C-A243-9DAD67BE3909}"
EndProject
Global
	GlobalSection(SolutionConfigurationPlatforms) = preSolution
		Debug|x64 = Debug|x64
		Debug|x86 = Debug|x86
		Release|x64 = Release|x64
		Release|x86 = Release|x86
	EndGlobalSection
	GlobalSection(ProjectConfigurationPlatforms) = postSolution
		{2F65DE9F-2B91-4B7C-A243-9DAD67BE3909}.Debug|x64.ActiveCfg = Debug|x64
		{2F65DE9F-2B91-4B7C-A243-9DAD67BE3909}.Debug|x64.Build.0 = Debug|x64
		{2F65DE9F-2B91-4B7C-A243-9DAD67BE3909}.Debug|x86.ActiveCfg = Debug|Win32
		{2F65DE9F-2B91-4B7C-A243-9DAD67BE3909}.Debug|x86.Build.0 = Debug|Win32
		{2F65DE9F-2B91-4B7C-A243-9DAD67BE3909}.Release|x64.ActiveCfg = Release|x64
		{2F65DE9F-2B91-4B7C-A243-9DAD67BE3909}.Release|x64.Build.0 = Release|x64
		{2F65DE9F-2B91-4B7C-A243-9DAD67BE3909}.Release|x86.ActiveCfg = Release|Win32
		{2F65DE9F-2B91-4B7C-A243-9DAD67BE3909}.Release|x86.Build.0 = Release|Win32
	EndGlobalSection
	GlobalSection(SolutionProperties) = preSolution
		HideSolutionNode = FALSE
	EndGlobalSection
	GlobalSection(ExtensibilityGlobals) = postSolution
		SolutionGuid = {B8F9BFB8-283D-4071-82E5-FEBECBFA01C8}
	EndGlobalSection
EndGlobal
